
Microsoft Visual Studio Solution File, Format Version 12.00
# Visual Studio Version 16
VisualStudioVersion = 16.0.31613.86
MinimumVisualStudioVersion = 10.0.40219.1
Project("{9A19103F-16F7-4668-BE54-9A1E7A4F7556}") = "PrehistoryMethodApp", "PrehistoryMethodApp.csproj", "{7493B25C-1CEC-4A3A-9270-D8043008E6DA}"
EndProject
Global
	GlobalSection(SolutionConfigurationPlatforms) = preSolution
		Debug|Any CPU = Debug|Any CPU
		Release|Any CPU = Release|Any CPU
	EndGlobalSection
	GlobalSection(ProjectConfigurationPlatforms) = postSolution
		{7493B25C-1CEC-4A3A-9270-D8043008E6DA}.Debug|Any CPU.ActiveCfg = Debug|Any CPU
		{7493B25C-1CEC-4A3A-9270-D8043008E6DA}.Debug|Any CPU.Build.0 = Debug|Any CPU
		{7493B25C-1CEC-4A3A-9270-D8043008E6DA}.Release|Any CPU.ActiveCfg = Release|Any CPU
		{7493B25C-1CEC-4A3A-9270-D8043008E6DA}.Release|Any CPU.Build.0 = Release|Any CPU
	EndGlobalSection
	GlobalSection(SolutionProperties) = preSolution
		HideSolutionNode = FALSE
	EndGlobalSection
	GlobalSection(ExtensibilityGlobals) = postSolution
		SolutionGuid = {44EEFB52-C8E9-44C6-A3CC-10CA3F96EFAE}
	EndGlobalSection
EndGlobal
